
Microsoft Visual Studio Solution File, Format Version 12.00
# Visual Studio 15
VisualStudioVersion = 15.0.26228.4
MinimumVisualStudioVersion = 10.0.40219.1
Project("{8BC9CEB8-8B4A-11D0-8D11-00A0C91BC942}") = "mt_cpp", "mt_cpp\mt_cpp.vcxproj", "{AF883815-F8B3-40B7-AEDE-177000A2F4F6}"
EndProject
Project("{8BC9CEB8-8B4A-11D0-8D11-00A0C91BC942}") = "mt_cpp_test", "mt_cpp_test\mt_cpp_test.vcxproj", "{10962E49-A001-4285-B193-33EAEF3E0867}"
EndProject
Global
	GlobalSection(SolutionConfigurationPlatforms) = preSolution
		Debug|x64 = Debug|x64
		Debug|x86 = Debug|x86
		Release|x64 = Release|x64
		Release|x86 = Release|x86
	EndGlobalSection
	GlobalSection(ProjectConfigurationPlatforms) = postSolution
		{AF883815-F8B3-40B7-AEDE-177000A2F4F6}.Debug|x64.ActiveCfg = Debug|x64
		{AF883815-F8B3-40B7-AEDE-177000A2F4F6}.Debug|x64.Build.0 = Debug|x64
		{AF883815-F8B3-40B7-AEDE-177000A2F4F6}.Debug|x86.ActiveCfg = Debug|Win32
		{AF883815-F8B3-40B7-AEDE-177000A2F4F6}.Debug|x86.Build.0 = Debug|Win32
		{AF883815-F8B3-40B7-AEDE-177000A2F4F6}.Release|x64.ActiveCfg = Release|x64
		{AF883815-F8B3-40B7-AEDE-177000A2F4F6}.Release|x64.Build.0 = Release|x64
		{AF883815-F8B3-40B7-AEDE-177000A2F4F6}.Release|x86.ActiveCfg = Release|Win32
		{AF883815-F8B3-40B7-AEDE-177000A2F4F6}.Release|x86.Build.0 = Release|Win32
		{10962E49-A001-4285-B193-33EAEF3E0867}.Debug|x64.ActiveCfg = Debug|x64
		{10962E49-A001-4285-B193-33EAEF3E0867}.Debug|x64.Build.0 = Debug|x64
		{10962E49-A001-4285-B193-33EAEF3E0867}.Debug|x86.ActiveCfg = Debug|Win32
		{10962E49-A001-4285-B193-33EAEF3E0867}.Debug|x86.Build.0 = Debug|Win32
		{10962E49-A001-4285-B193-33EAEF3E0867}.Release|x64.ActiveCfg = Release|x64
		{10962E49-A001-4285-B193-33EAEF3E0867}.Release|x64.Build.0 = Release|x64
		{10962E49-A001-4285-B193-33EAEF3E0867}.Release|x86.ActiveCfg = Release|Win32
		{10962E49-A001-4285-B193-33EAEF3E0867}.Release|x86.Build.0 = Release|Win32
	EndGlobalSection
	GlobalSection(SolutionProperties) = preSolution
		HideSolutionNode = FALSE
	EndGlobalSection
EndGlobal
